
Microsoft Visual Studio Solution File, Format Version 12.00
# Visual Studio 15
VisualStudioVersion = 15.0.27004.2002
MinimumVisualStudioVersion = 10.0.40219.1
Project("{2150E333-8FDC-42A3-9474-1A3956D46DE8}") = "Core", "Core", "{27BFB849-5150-43EF-AF01-672462D2567C}"
EndProject
Project("{2150E333-8FDC-42A3-9474-1A3956D46DE8}") = "DAL", "DAL", "{C126FFBF-1688-4905-AB44-A21352BB79FB}"
EndProject
Project("{2150E333-8FDC-42A3-9474-1A3956D46DE8}") = "DataBase", "DataBase", "{B5BB2758-5107-4E80-A90B-F6B6C6CBFD38}"
EndProject
Project("{2150E333-8FDC-42A3-9474-1A3956D46DE8}") = "WebUI", "WebUI", "{5C135EC8-3193-438E-A7F7-7F631A5A26A7}"
EndProject
Project("{00D1A9C2-B5F0-4AF3-8072-F6C62B433612}") = "SM.DB", "SM.DB\SM.DB.sqlproj", "{D7C20D88-A82A-4E0A-BE9D-8598152024AC}"
EndProject
Project("{FAE04EC0-301F-11D3-BF4B-00C04F79EFBC}") = "SM.Business", "SM.Business\SM.Business.csproj", "{28549483-B78D-40BB-ACB8-BF04AEA8F476}"
EndProject
Project("{FAE04EC0-301F-11D3-BF4B-00C04F79EFBC}") = "SM.DIContainer", "SM.DIContainer\SM.DIContainer.csproj", "{F974E18E-38E7-48A1-A2F6-817A04DFEC11}"
EndProject
Project("{FAE04EC0-301F-11D3-BF4B-00C04F79EFBC}") = "SM.DAL", "SM.DAL\SM.DAL.csproj", "{B7F1A43A-06D8-44A5-AECC-AF7CF2058D17}"
EndProject
Project("{FAE04EC0-301F-11D3-BF4B-00C04F79EFBC}") = "SM.Api", "SM.Api\SM.Api.csproj", "{E6B8B874-C58E-46AB-A705-FA1B938FFA03}"
EndProject
Project("{FAE04EC0-301F-11D3-BF4B-00C04F79EFBC}") = "SM.Web", "SM.Web\SM.Web.csproj", "{F9D886AF-3DD9-4CB2-B9FF-669D35E32D82}"
EndProject
Global
	GlobalSection(SolutionConfigurationPlatforms) = preSolution
		Debug|Any CPU = Debug|Any CPU
		Release|Any CPU = Release|Any CPU
	EndGlobalSection
	GlobalSection(ProjectConfigurationPlatforms) = postSolution
		{D7C20D88-A82A-4E0A-BE9D-8598152024AC}.Debug|Any CPU.ActiveCfg = Debug|Any CPU
		{D7C20D88-A82A-4E0A-BE9D-8598152024AC}.Debug|Any CPU.Build.0 = Debug|Any CPU
		{D7C20D88-A82A-4E0A-BE9D-8598152024AC}.Debug|Any CPU.Deploy.0 = Debug|Any CPU
		{D7C20D88-A82A-4E0A-BE9D-8598152024AC}.Release|Any CPU.ActiveCfg = Release|Any CPU
		{D7C20D88-A82A-4E0A-BE9D-8598152024AC}.Release|Any CPU.Build.0 = Release|Any CPU
		{D7C20D88-A82A-4E0A-BE9D-8598152024AC}.Release|Any CPU.Deploy.0 = Release|Any CPU
		{28549483-B78D-40BB-ACB8-BF04AEA8F476}.Debug|Any CPU.ActiveCfg = Debug|Any CPU
		{28549483-B78D-40BB-ACB8-BF04AEA8F476}.Debug|Any CPU.Build.0 = Debug|Any CPU
		{28549483-B78D-40BB-ACB8-BF04AEA8F476}.Release|Any CPU.ActiveCfg = Release|Any CPU
		{28549483-B78D-40BB-ACB8-BF04AEA8F476}.Release|Any CPU.Build.0 = Release|Any CPU
		{F974E18E-38E7-48A1-A2F6-817A04DFEC11}.Debug|Any CPU.ActiveCfg = Debug|Any CPU
		{F974E18E-38E7-48A1-A2F6-817A04DFEC11}.Debug|Any CPU.Build.0 = Debug|Any CPU
		{F974E18E-38E7-48A1-A2F6-817A04DFEC11}.Release|Any CPU.ActiveCfg = Release|Any CPU
		{F974E18E-38E7-48A1-A2F6-817A04DFEC11}.Release|Any CPU.Build.0 = Release|Any CPU
		{B7F1A43A-06D8-44A5-AECC-AF7CF2058D17}.Debug|Any CPU.ActiveCfg = Debug|Any CPU
		{B7F1A43A-06D8-44A5-AECC-AF7CF2058D17}.Debug|Any CPU.Build.0 = Debug|Any CPU
		{B7F1A43A-06D8-44A5-AECC-AF7CF2058D17}.Release|Any CPU.ActiveCfg = Release|Any CPU
		{B7F1A43A-06D8-44A5-AECC-AF7CF2058D17}.Release|Any CPU.Build.0 = Release|Any CPU
		{E6B8B874-C58E-46AB-A705-FA1B938FFA03}.Debug|Any CPU.ActiveCfg = Debug|Any CPU
		{E6B8B874-C58E-46AB-A705-FA1B938FFA03}.Debug|Any CPU.Build.0 = Debug|Any CPU
		{E6B8B874-C58E-46AB-A705-FA1B938FFA03}.Release|Any CPU.ActiveCfg = Release|Any CPU
		{E6B8B874-C58E-46AB-A705-FA1B938FFA03}.Release|Any CPU.Build.0 = Release|Any CPU
		{F9D886AF-3DD9-4CB2-B9FF-669D35E32D82}.Debug|Any CPU.ActiveCfg = Debug|Any CPU
		{F9D886AF-3DD9-4CB2-B9FF-669D35E32D82}.Debug|Any CPU.Build.0 = Debug|Any CPU
		{F9D886AF-3DD9-4CB2-B9FF-669D35E32D82}.Release|Any CPU.ActiveCfg = Release|Any CPU
		{F9D886AF-3DD9-4CB2-B9FF-669D35E32D82}.Release|Any CPU.Build.0 = Release|Any CPU
	EndGlobalSection
	GlobalSection(SolutionProperties) = preSolution
		HideSolutionNode = FALSE
	EndGlobalSection
	GlobalSection(NestedProjects) = preSolution
		{D7C20D88-A82A-4E0A-BE9D-8598152024AC} = {B5BB2758-5107-4E80-A90B-F6B6C6CBFD38}
		{28549483-B78D-40BB-ACB8-BF04AEA8F476} = {27BFB849-5150-43EF-AF01-672462D2567C}
		{F974E18E-38E7-48A1-A2F6-817A04DFEC11} = {27BFB849-5150-43EF-AF01-672462D2567C}
		{B7F1A43A-06D8-44A5-AECC-AF7CF2058D17} = {C126FFBF-1688-4905-AB44-A21352BB79FB}
		{E6B8B874-C58E-46AB-A705-FA1B938FFA03} = {5C135EC8-3193-438E-A7F7-7F631A5A26A7}
		{F9D886AF-3DD9-4CB2-B9FF-669D35E32D82} = {5C135EC8-3193-438E-A7F7-7F631A5A26A7}
	EndGlobalSection
	GlobalSection(ExtensibilityGlobals) = postSolution
		SolutionGuid = {345954CA-9BA3-4400-B8DC-1ED9E11B5635}
	EndGlobalSection
EndGlobal
